
Microsoft Visual Studio Solution File, Format Version 12.00
# Visual Studio Version 16
VisualStudioVersion = 16.0.32901.82
MinimumVisualStudioVersion = 10.0.40219.1
Project("{FAE04EC0-301F-11D3-BF4B-00C04F79EFBC}") = "Pertemuan 11", "Pertemuan 11.csproj", "{428F1AA3-6034-483C-AEA4-F348250127F5}"
EndProject
Global
	GlobalSection(SolutionConfigurationPlatforms) = preSolution
		Debug|Any CPU = Debug|Any CPU
		Release|Any CPU = Release|Any CPU
	EndGlobalSection
	GlobalSection(ProjectConfigurationPlatforms) = postSolution
		{428F1AA3-6034-483C-AEA4-F348250127F5}.Debug|Any CPU.ActiveCfg = Debug|Any CPU
		{428F1AA3-6034-483C-AEA4-F348250127F5}.Debug|Any CPU.Build.0 = Debug|Any CPU
		{428F1AA3-6034-483C-AEA4-F348250127F5}.Release|Any CPU.ActiveCfg = Release|Any CPU
		{428F1AA3-6034-483C-AEA4-F348250127F5}.Release|Any CPU.Build.0 = Release|Any CPU
	EndGlobalSection
	GlobalSection(SolutionProperties) = preSolution
		HideSolutionNode = FALSE
	EndGlobalSection
	GlobalSection(ExtensibilityGlobals) = postSolution
		SolutionGuid = {F138A72A-A80D-49D6-B0A5-F207375CB157}
	EndGlobalSection
EndGlobal
